
Microsoft Visual Studio Solution File, Format Version 12.00
# Visual Studio Version 17
VisualStudioVersion = 17.9.34616.47
MinimumVisualStudioVersion = 10.0.40219.1
Project("{8BC9CEB8-8B4A-11D0-8D11-00A0C91BC942}") = "JawabanUCP1", "JawabanUCP1\JawabanUCP1.vcxproj", "{2D7C6F18-E42A-4C92-9AEC-DCABB82A38AA}"
EndProject
Global
	GlobalSection(SolutionConfigurationPlatforms) = preSolution
		Debug|x64 = Debug|x64
		Debug|x86 = Debug|x86
		Release|x64 = Release|x64
		Release|x86 = Release|x86
	EndGlobalSection
	GlobalSection(ProjectConfigurationPlatforms) = postSolution
		{2D7C6F18-E42A-4C92-9AEC-DCABB82A38AA}.Debug|x64.ActiveCfg = Debug|x64
		{2D7C6F18-E42A-4C92-9AEC-DCABB82A38AA}.Debug|x64.Build.0 = Debug|x64
		{2D7C6F18-E42A-4C92-9AEC-DCABB82A38AA}.Debug|x86.ActiveCfg = Debug|Win32
		{2D7C6F18-E42A-4C92-9AEC-DCABB82A38AA}.Debug|x86.Build.0 = Debug|Win32
		{2D7C6F18-E42A-4C92-9AEC-DCABB82A38AA}.Release|x64.ActiveCfg = Release|x64
		{2D7C6F18-E42A-4C92-9AEC-DCABB82A38AA}.Release|x64.Build.0 = Release|x64
		{2D7C6F18-E42A-4C92-9AEC-DCABB82A38AA}.Release|x86.ActiveCfg = Release|Win32
		{2D7C6F18-E42A-4C92-9AEC-DCABB82A38AA}.Release|x86.Build.0 = Release|Win32
	EndGlobalSection
	GlobalSection(SolutionProperties) = preSolution
		HideSolutionNode = FALSE
	EndGlobalSection
	GlobalSection(ExtensibilityGlobals) = postSolution
		SolutionGuid = {3B0C969C-0876-4511-A55F-9AD2300BF0C5}
	EndGlobalSection
EndGlobal
